
Microsoft Visual Studio Solution File, Format Version 12.00
# Visual Studio Version 17
VisualStudioVersion = 17.10.35027.167
MinimumVisualStudioVersion = 10.0.40219.1
Project("{FAE04EC0-301F-11D3-BF4B-00C04F79EFBC}") = "LogManager.ConsumerService", "LogManager.ConsumerService\LogManager.ConsumerService.csproj", "{101A8983-DEB9-4DF7-9E70-71C242F16B2D}"
EndProject
Global
	GlobalSection(SolutionConfigurationPlatforms) = preSolution
		Debug|Any CPU = Debug|Any CPU
		Release|Any CPU = Release|Any CPU
	EndGlobalSection
	GlobalSection(ProjectConfigurationPlatforms) = postSolution
		{101A8983-DEB9-4DF7-9E70-71C242F16B2D}.Debug|Any CPU.ActiveCfg = Debug|Any CPU
		{101A8983-DEB9-4DF7-9E70-71C242F16B2D}.Debug|Any CPU.Build.0 = Debug|Any CPU
		{101A8983-DEB9-4DF7-9E70-71C242F16B2D}.Release|Any CPU.ActiveCfg = Release|Any CPU
		{101A8983-DEB9-4DF7-9E70-71C242F16B2D}.Release|Any CPU.Build.0 = Release|Any CPU
	EndGlobalSection
	GlobalSection(SolutionProperties) = preSolution
		HideSolutionNode = FALSE
	EndGlobalSection
	GlobalSection(ExtensibilityGlobals) = postSolution
		SolutionGuid = {B3B6D285-9B41-416B-8F8B-706657105790}
	EndGlobalSection
EndGlobal
